
Microsoft Visual Studio Solution File, Format Version 12.00
# Visual Studio 15
VisualStudioVersion = 15.0.28010.2003
MinimumVisualStudioVersion = 10.0.40219.1
Project("{9A19103F-16F7-4668-BE54-9A1E7A4F7556}") = "Tracer", "Tracer\Tracer.csproj", "{D02DFCA4-57C8-4AB1-88CA-B6C49FBAC519}"
EndProject
Project("{FAE04EC0-301F-11D3-BF4B-00C04F79EFBC}") = "UsingTracerConsoleApp", "UsingTracerConsoleApp\UsingTracerConsoleApp.csproj", "{CC398AD9-39BB-4413-875D-93A80CF79028}"
EndProject
Project("{FAE04EC0-301F-11D3-BF4B-00C04F79EFBC}") = "Tracer.Tests", "Tracer.Tests\Tracer.Tests.csproj", "{FE94BD80-7F13-4A7D-A89C-F76A18335559}"
EndProject
Global
	GlobalSection(SolutionConfigurationPlatforms) = preSolution
		Debug|Any CPU = Debug|Any CPU
		Release|Any CPU = Release|Any CPU
	EndGlobalSection
	GlobalSection(ProjectConfigurationPlatforms) = postSolution
		{D02DFCA4-57C8-4AB1-88CA-B6C49FBAC519}.Debug|Any CPU.ActiveCfg = Debug|Any CPU
		{D02DFCA4-57C8-4AB1-88CA-B6C49FBAC519}.Debug|Any CPU.Build.0 = Debug|Any CPU
		{D02DFCA4-57C8-4AB1-88CA-B6C49FBAC519}.Release|Any CPU.ActiveCfg = Release|Any CPU
		{D02DFCA4-57C8-4AB1-88CA-B6C49FBAC519}.Release|Any CPU.Build.0 = Release|Any CPU
		{CC398AD9-39BB-4413-875D-93A80CF79028}.Debug|Any CPU.ActiveCfg = Debug|Any CPU
		{CC398AD9-39BB-4413-875D-93A80CF79028}.Debug|Any CPU.Build.0 = Debug|Any CPU
		{CC398AD9-39BB-4413-875D-93A80CF79028}.Release|Any CPU.ActiveCfg = Release|Any CPU
		{CC398AD9-39BB-4413-875D-93A80CF79028}.Release|Any CPU.Build.0 = Release|Any CPU
		{FE94BD80-7F13-4A7D-A89C-F76A18335559}.Debug|Any CPU.ActiveCfg = Debug|Any CPU
		{FE94BD80-7F13-4A7D-A89C-F76A18335559}.Debug|Any CPU.Build.0 = Debug|Any CPU
		{FE94BD80-7F13-4A7D-A89C-F76A18335559}.Release|Any CPU.ActiveCfg = Release|Any CPU
		{FE94BD80-7F13-4A7D-A89C-F76A18335559}.Release|Any CPU.Build.0 = Release|Any CPU
	EndGlobalSection
	GlobalSection(SolutionProperties) = preSolution
		HideSolutionNode = FALSE
	EndGlobalSection
	GlobalSection(ExtensibilityGlobals) = postSolution
		SolutionGuid = {E3CB7CAB-E087-4829-882C-255B579C4B13}
	EndGlobalSection
EndGlobal
